
Microsoft Visual Studio Solution File, Format Version 12.00
# Visual Studio 15
VisualStudioVersion = 15.0.27130.2010
MinimumVisualStudioVersion = 10.0.40219.1
Project("{FAE04EC0-301F-11D3-BF4B-00C04F79EFBC}") = "CSharpPlayGround", "CSharpPlayGround\CSharpPlayGround.csproj", "{335B4AD2-0500-465E-87B2-557C55C17F19}"
EndProject
Project("{FAE04EC0-301F-11D3-BF4B-00C04F79EFBC}") = "CSharpPlayground.InterviewQuestions", "CSharpPlayground.InterviewQuestions\CSharpPlayground.InterviewQuestions.csproj", "{DD8CD5E6-16F4-4402-AA0D-639698FE3F7E}"
EndProject
Global
	GlobalSection(SolutionConfigurationPlatforms) = preSolution
		Debug|Any CPU = Debug|Any CPU
		Release|Any CPU = Release|Any CPU
	EndGlobalSection
	GlobalSection(ProjectConfigurationPlatforms) = postSolution
		{335B4AD2-0500-465E-87B2-557C55C17F19}.Debug|Any CPU.ActiveCfg = Debug|Any CPU
		{335B4AD2-0500-465E-87B2-557C55C17F19}.Debug|Any CPU.Build.0 = Debug|Any CPU
		{335B4AD2-0500-465E-87B2-557C55C17F19}.Release|Any CPU.ActiveCfg = Release|Any CPU
		{335B4AD2-0500-465E-87B2-557C55C17F19}.Release|Any CPU.Build.0 = Release|Any CPU
		{DD8CD5E6-16F4-4402-AA0D-639698FE3F7E}.Debug|Any CPU.ActiveCfg = Debug|Any CPU
		{DD8CD5E6-16F4-4402-AA0D-639698FE3F7E}.Debug|Any CPU.Build.0 = Debug|Any CPU
		{DD8CD5E6-16F4-4402-AA0D-639698FE3F7E}.Release|Any CPU.ActiveCfg = Release|Any CPU
		{DD8CD5E6-16F4-4402-AA0D-639698FE3F7E}.Release|Any CPU.Build.0 = Release|Any CPU
	EndGlobalSection
	GlobalSection(SolutionProperties) = preSolution
		HideSolutionNode = FALSE
	EndGlobalSection
	GlobalSection(ExtensibilityGlobals) = postSolution
		SolutionGuid = {6108A0B0-8265-48EB-B445-36A6BE86ECA4}
	EndGlobalSection
EndGlobal
